{
  "requires": true,
  "lockfileVersion": 1,
  "dependencies": {
    "gotrue-js": {
      "version": "0.9.26",
      "resolved": "https://registry.npmjs.org/gotrue-js/-/gotrue-js-0.9.26.tgz",
      "integrity": "sha512-UC1MIyyjfPxwpyd8X/xeigtUUaHI3+0dXvUEjymBfN3wE2MUfANVyTtO5HMwlBGlEFwbXuH0D1h6EExcvm/nug==",
      "requires": {
        "micro-api-client": "^3.2.1"
      }
    },
    "micro-api-client": {
      "version": "3.3.0",
      "resolved": "https://registry.npmjs.org/micro-api-client/-/micro-api-client-3.3.0.tgz",
      "integrity": "sha512-y0y6CUB9RLVsy3kfgayU28746QrNMpSm9O/AYGNsBgOkJr/X/Jk0VLGoO8Ude7Bpa8adywzF+MzXNZRFRsNPhg=="
    },
    "react-netlify-identity": {
      "version": "0.2.5",
      "resolved": "https://registry.npmjs.org/react-netlify-identity/-/react-netlify-identity-0.2.5.tgz",
      "integrity": "sha512-sesi2xI0Me1trECgvxZIweJ+Edx1zoZavY1NjgCTE7bbKhaaw2b2Z7okhdg2YwBj0iRIVSe9qtuSj8gzY5jaNg==",
      "requires": {
        "gotrue-js": "^0.9.25"
      }
    }
  }
}
